
Microsoft Visual Studio Solution File, Format Version 12.00
# Visual Studio Version 16
VisualStudioVersion = 16.0.29324.140
MinimumVisualStudioVersion = 10.0.40219.1
Project("{FAE04EC0-301F-11D3-BF4B-00C04F79EFBC}") = "ColorSwitch", "ColorReplacerV2\ColorSwitch.csproj", "{7DB9A30C-EEA2-4B70-96E6-968BAF518060}"
EndProject
Global
	GlobalSection(SolutionConfigurationPlatforms) = preSolution
		Debug|Any CPU = Debug|Any CPU
		Release|Any CPU = Release|Any CPU
	EndGlobalSection
	GlobalSection(ProjectConfigurationPlatforms) = postSolution
		{7DB9A30C-EEA2-4B70-96E6-968BAF518060}.Debug|Any CPU.ActiveCfg = Debug|Any CPU
		{7DB9A30C-EEA2-4B70-96E6-968BAF518060}.Debug|Any CPU.Build.0 = Debug|Any CPU
		{7DB9A30C-EEA2-4B70-96E6-968BAF518060}.Release|Any CPU.ActiveCfg = Release|Any CPU
		{7DB9A30C-EEA2-4B70-96E6-968BAF518060}.Release|Any CPU.Build.0 = Release|Any CPU
	EndGlobalSection
	GlobalSection(SolutionProperties) = preSolution
		HideSolutionNode = FALSE
	EndGlobalSection
	GlobalSection(ExtensibilityGlobals) = postSolution
		SolutionGuid = {EA1F3171-B04A-4583-95B1-BAD9C5A586C6}
	EndGlobalSection
EndGlobal
